{
    "wordpress-no-content": {
        "translations": {
            "en_GB": {
                "updated": "2025-04-06 12:48:35",
                "version": "6.8"
            }
        }
    },
    "twentytwentythree": {
        "translations": {
            "en_GB": {
                "updated": "2024-06-10 07:13:10",
                "version": "1.6"
            }
        }
    }
}
