{
    "wordpress-no-content": {
        "translations": {
            "en_GB": {
                "updated": "2024-11-14 20:17:10",
                "version": "6.7.2"
            }
        }
    },
    "twentytwentythree": {
        "translations": {
            "en_GB": {
                "updated": "2024-06-10 07:13:10",
                "version": "1.6"
            }
        }
    }
}
