{
    "wordpress-no-content": {
        "translations": {
            "en_GB": {
                "updated": "2026-08-13 19:22:45",
                "version": "7.1"
            }
        }
    },
    "twentytwentythree": {
        "translations": {
            "en_GB": {
                "updated": "2026-06-11 20:08:30",
                "version": "1.7"
            }
        }
    }
}
